
Microsoft Visual Studio Solution File, Format Version 12.00
# Visual Studio Version 17
VisualStudioVersion = 17.8.34330.188
MinimumVisualStudioVersion = 10.0.40219.1
Project("{2150E333-8FDC-42A3-9474-1A3956D46DE8}") = "src", "src", "{920554FA-854C-46E1-9C11-B032AE0D3127}"
EndProject
Project("{2150E333-8FDC-42A3-9474-1A3956D46DE8}") = "Core", "Core", "{DF44A4B8-BD93-4CE7-83F3-4B527D9948BC}"
EndProject
Project("{9A19103F-16F7-4668-BE54-9A1E7A4F7556}") = "Sample.ChatHub.Domain.Contracts", "src\core\Sample.ChatHub.Domain.Contracts\Sample.ChatHub.Domain.Contracts.csproj", "{54F075C1-2AE0-46DE-A62A-1A14FB31692C}"
EndProject
Project("{9A19103F-16F7-4668-BE54-9A1E7A4F7556}") = "Sample.ChatHub.Server.API", "src\Server\Sample.ChatHub.Server.API\Sample.ChatHub.Server.API.csproj", "{BBA96366-567B-4749-96E1-129818B8B9F3}"
EndProject
Project("{9A19103F-16F7-4668-BE54-9A1E7A4F7556}") = "Sample.ChatHub.Worker.Core", "src\Worker\Sample.ChatHub.Core\Sample.ChatHub.Worker.Core.csproj", "{EECE8F0F-F2C2-44E2-B8BB-C826A633DFEA}"
EndProject
Project("{9A19103F-16F7-4668-BE54-9A1E7A4F7556}") = "Sample.ChatHub.Worker.Infrastructure", "src\Worker\Sample.ChatHub.Infrastructure\Sample.ChatHub.Worker.Infrastructure.csproj", "{4C972078-9BB9-421B-B973-754AB23B7EE2}"
EndProject
Project("{9A19103F-16F7-4668-BE54-9A1E7A4F7556}") = "Sample.ChatHub.Domain.Abstracts", "src\core\Sample.ChatHub.Domain.Abstracts\Sample.ChatHub.Domain.Abstracts.csproj", "{7B11255A-159E-4CA7-86EB-198856FD3F2F}"
EndProject
Project("{2150E333-8FDC-42A3-9474-1A3956D46DE8}") = "Itens de Solução", "Itens de Solução", "{D7EE8978-F19F-4F9E-BAD0-242A6A21ACFE}"
	ProjectSection(SolutionItems) = preProject
		docker-compose.yaml = docker-compose.yaml
	EndProjectSection
EndProject
Project("{2150E333-8FDC-42A3-9474-1A3956D46DE8}") = "tests", "tests", "{D54939F9-05D3-4DF5-817F-6E91C630C0CD}"
EndProject
Project("{9A19103F-16F7-4668-BE54-9A1E7A4F7556}") = "Sample.ChatHub.Worker.Core.Tests", "tests\Sample.ChatHub.Core.Tests\Sample.ChatHub.Worker.Core.Tests.csproj", "{AE3DFA35-99DD-4D7E-BAA5-8A427CFD7C80}"
EndProject
Project("{9A19103F-16F7-4668-BE54-9A1E7A4F7556}") = "Sample.ChatHub.Worker", "src\Worker\Sample.ChatHub.Worker\Sample.ChatHub.Worker.csproj", "{1CAF51F1-1A14-4F78-AFB8-9B8D97D978EB}"
EndProject
Project("{9A19103F-16F7-4668-BE54-9A1E7A4F7556}") = "Sample.ChatHub.Bus", "src\Core\Sample.ChatHub.Bus\Sample.ChatHub.Bus.csproj", "{6448DD9B-FDB1-494E-9915-65CB38D3B3C9}"
EndProject
Project("{2150E333-8FDC-42A3-9474-1A3956D46DE8}") = "Server", "Server", "{B0432D50-737C-4D39-86A5-D76534F3503A}"
EndProject
Project("{2150E333-8FDC-42A3-9474-1A3956D46DE8}") = "Worker", "Worker", "{BD8B3AAA-F9C5-405B-8549-155490BF49C4}"
EndProject
Global
	GlobalSection(SolutionConfigurationPlatforms) = preSolution
		Debug|Any CPU = Debug|Any CPU
		Release|Any CPU = Release|Any CPU
	EndGlobalSection
	GlobalSection(ProjectConfigurationPlatforms) = postSolution
		{54F075C1-2AE0-46DE-A62A-1A14FB31692C}.Debug|Any CPU.ActiveCfg = Debug|Any CPU
		{54F075C1-2AE0-46DE-A62A-1A14FB31692C}.Debug|Any CPU.Build.0 = Debug|Any CPU
		{54F075C1-2AE0-46DE-A62A-1A14FB31692C}.Release|Any CPU.ActiveCfg = Release|Any CPU
		{54F075C1-2AE0-46DE-A62A-1A14FB31692C}.Release|Any CPU.Build.0 = Release|Any CPU
		{BBA96366-567B-4749-96E1-129818B8B9F3}.Debug|Any CPU.ActiveCfg = Debug|Any CPU
		{BBA96366-567B-4749-96E1-129818B8B9F3}.Debug|Any CPU.Build.0 = Debug|Any CPU
		{BBA96366-567B-4749-96E1-129818B8B9F3}.Release|Any CPU.ActiveCfg = Release|Any CPU
		{BBA96366-567B-4749-96E1-129818B8B9F3}.Release|Any CPU.Build.0 = Release|Any CPU
		{EECE8F0F-F2C2-44E2-B8BB-C826A633DFEA}.Debug|Any CPU.ActiveCfg = Debug|Any CPU
		{EECE8F0F-F2C2-44E2-B8BB-C826A633DFEA}.Debug|Any CPU.Build.0 = Debug|Any CPU
		{EECE8F0F-F2C2-44E2-B8BB-C826A633DFEA}.Release|Any CPU.ActiveCfg = Release|Any CPU
		{EECE8F0F-F2C2-44E2-B8BB-C826A633DFEA}.Release|Any CPU.Build.0 = Release|Any CPU
		{4C972078-9BB9-421B-B973-754AB23B7EE2}.Debug|Any CPU.ActiveCfg = Debug|Any CPU
		{4C972078-9BB9-421B-B973-754AB23B7EE2}.Debug|Any CPU.Build.0 = Debug|Any CPU
		{4C972078-9BB9-421B-B973-754AB23B7EE2}.Release|Any CPU.ActiveCfg = Release|Any CPU
		{4C972078-9BB9-421B-B973-754AB23B7EE2}.Release|Any CPU.Build.0 = Release|Any CPU
		{7B11255A-159E-4CA7-86EB-198856FD3F2F}.Debug|Any CPU.ActiveCfg = Debug|Any CPU
		{7B11255A-159E-4CA7-86EB-198856FD3F2F}.Debug|Any CPU.Build.0 = Debug|Any CPU
		{7B11255A-159E-4CA7-86EB-198856FD3F2F}.Release|Any CPU.ActiveCfg = Release|Any CPU
		{7B11255A-159E-4CA7-86EB-198856FD3F2F}.Release|Any CPU.Build.0 = Release|Any CPU
		{AE3DFA35-99DD-4D7E-BAA5-8A427CFD7C80}.Debug|Any CPU.ActiveCfg = Debug|Any CPU
		{AE3DFA35-99DD-4D7E-BAA5-8A427CFD7C80}.Debug|Any CPU.Build.0 = Debug|Any CPU
		{AE3DFA35-99DD-4D7E-BAA5-8A427CFD7C80}.Release|Any CPU.ActiveCfg = Release|Any CPU
		{AE3DFA35-99DD-4D7E-BAA5-8A427CFD7C80}.Release|Any CPU.Build.0 = Release|Any CPU
		{1CAF51F1-1A14-4F78-AFB8-9B8D97D978EB}.Debug|Any CPU.ActiveCfg = Debug|Any CPU
		{1CAF51F1-1A14-4F78-AFB8-9B8D97D978EB}.Debug|Any CPU.Build.0 = Debug|Any CPU
		{1CAF51F1-1A14-4F78-AFB8-9B8D97D978EB}.Release|Any CPU.ActiveCfg = Release|Any CPU
		{1CAF51F1-1A14-4F78-AFB8-9B8D97D978EB}.Release|Any CPU.Build.0 = Release|Any CPU
		{6448DD9B-FDB1-494E-9915-65CB38D3B3C9}.Debug|Any CPU.ActiveCfg = Debug|Any CPU
		{6448DD9B-FDB1-494E-9915-65CB38D3B3C9}.Debug|Any CPU.Build.0 = Debug|Any CPU
		{6448DD9B-FDB1-494E-9915-65CB38D3B3C9}.Release|Any CPU.ActiveCfg = Release|Any CPU
		{6448DD9B-FDB1-494E-9915-65CB38D3B3C9}.Release|Any CPU.Build.0 = Release|Any CPU
	EndGlobalSection
	GlobalSection(SolutionProperties) = preSolution
		HideSolutionNode = FALSE
	EndGlobalSection
	GlobalSection(NestedProjects) = preSolution
		{DF44A4B8-BD93-4CE7-83F3-4B527D9948BC} = {920554FA-854C-46E1-9C11-B032AE0D3127}
		{54F075C1-2AE0-46DE-A62A-1A14FB31692C} = {DF44A4B8-BD93-4CE7-83F3-4B527D9948BC}
		{BBA96366-567B-4749-96E1-129818B8B9F3} = {B0432D50-737C-4D39-86A5-D76534F3503A}
		{EECE8F0F-F2C2-44E2-B8BB-C826A633DFEA} = {BD8B3AAA-F9C5-405B-8549-155490BF49C4}
		{4C972078-9BB9-421B-B973-754AB23B7EE2} = {BD8B3AAA-F9C5-405B-8549-155490BF49C4}
		{7B11255A-159E-4CA7-86EB-198856FD3F2F} = {DF44A4B8-BD93-4CE7-83F3-4B527D9948BC}
		{AE3DFA35-99DD-4D7E-BAA5-8A427CFD7C80} = {D54939F9-05D3-4DF5-817F-6E91C630C0CD}
		{1CAF51F1-1A14-4F78-AFB8-9B8D97D978EB} = {BD8B3AAA-F9C5-405B-8549-155490BF49C4}
		{6448DD9B-FDB1-494E-9915-65CB38D3B3C9} = {DF44A4B8-BD93-4CE7-83F3-4B527D9948BC}
		{B0432D50-737C-4D39-86A5-D76534F3503A} = {920554FA-854C-46E1-9C11-B032AE0D3127}
		{BD8B3AAA-F9C5-405B-8549-155490BF49C4} = {920554FA-854C-46E1-9C11-B032AE0D3127}
	EndGlobalSection
	GlobalSection(ExtensibilityGlobals) = postSolution
		SolutionGuid = {95401B8D-40A6-47D6-B4F1-0194B57AC5B1}
	EndGlobalSection
EndGlobal
